{
	"name": "CustomChromeCast",
	"version": "0.0.1",
	"lockfileVersion": 1,
	"requires": true,
	"dependencies": {
		"react-native-chrome-cast-v3": {
			"version": "1.0.1",
			"resolved": "https://registry.npmjs.org/react-native-chrome-cast-v3/-/react-native-chrome-cast-v3-1.0.1.tgz",
			"integrity": "sha512-ZoPYB5HoALtmkQbzp/g5r0aCq4l6ZRnEv9vSrc6hikJuIUHiuVL8o7WWTEMwamgNJvOfF/YqWmbmHIyDQhqFwg=="
		}
	}
}
